
Microsoft Visual Studio Solution File, Format Version 12.00
# Visual Studio Version 17
VisualStudioVersion = 17.5.002.0
MinimumVisualStudioVersion = 10.0.40219.1
Project("{2150E333-8FDC-42A3-9474-1A3956D46DE8}") = "Lab06-0258", "Lab06-0258", "{357AB147-50AB-4452-880D-76C3E114AFEB}"
EndProject
Project("{9A19103F-16F7-4668-BE54-9A1E7A4F7556}") = "Lab06_Ex01", "Lab06-0258\Lab06_Ex01\Lab06_Ex01.csproj", "{D8F14CD4-EAF6-4B13-8392-361535ECF0E6}"
EndProject
Global
	GlobalSection(SolutionConfigurationPlatforms) = preSolution
		Debug|Any CPU = Debug|Any CPU
		Release|Any CPU = Release|Any CPU
	EndGlobalSection
	GlobalSection(ProjectConfigurationPlatforms) = postSolution
		{D8F14CD4-EAF6-4B13-8392-361535ECF0E6}.Debug|Any CPU.ActiveCfg = Debug|Any CPU
		{D8F14CD4-EAF6-4B13-8392-361535ECF0E6}.Debug|Any CPU.Build.0 = Debug|Any CPU
		{D8F14CD4-EAF6-4B13-8392-361535ECF0E6}.Release|Any CPU.ActiveCfg = Release|Any CPU
		{D8F14CD4-EAF6-4B13-8392-361535ECF0E6}.Release|Any CPU.Build.0 = Release|Any CPU
	EndGlobalSection
	GlobalSection(SolutionProperties) = preSolution
		HideSolutionNode = FALSE
	EndGlobalSection
	GlobalSection(NestedProjects) = preSolution
		{D8F14CD4-EAF6-4B13-8392-361535ECF0E6} = {357AB147-50AB-4452-880D-76C3E114AFEB}
	EndGlobalSection
	GlobalSection(ExtensibilityGlobals) = postSolution
		SolutionGuid = {C4D77805-C9EC-48FC-BA9C-B11C1495833C}
	EndGlobalSection
EndGlobal
