
Microsoft Visual Studio Solution File, Format Version 12.00
# Visual Studio Version 17
VisualStudioVersion = 17.5.002.0
MinimumVisualStudioVersion = 10.0.40219.1
Project("{2150E333-8FDC-42A3-9474-1A3956D46DE8}") = "0275", "0275", "{C6CE0F8B-49F6-4A47-B747-EDF38ECCB65A}"
EndProject
Project("{9A19103F-16F7-4668-BE54-9A1E7A4F7556}") = "Lab06_Ex01", "0275\Lab06_Ex01\Lab06_Ex01.csproj", "{AAAEA692-08EE-463A-8CB6-785A6D90ACF5}"
EndProject
Project("{9A19103F-16F7-4668-BE54-9A1E7A4F7556}") = "Lab06_Ex02", "0275\Lab06_Ex02\Lab06_Ex02.csproj", "{EC1346DB-6BEA-4527-82D3-43CB0A7E9948}"
EndProject
Project("{9A19103F-16F7-4668-BE54-9A1E7A4F7556}") = "Lab06_Ex03", "0275\Lab06_Ex03\Lab06_Ex03.csproj", "{EC7AFAD3-2584-4552-BE40-E2F4BAEADBC3}"
EndProject
Project("{9A19103F-16F7-4668-BE54-9A1E7A4F7556}") = "Lab06_Ex04", "0275\Lab06_Ex04\Lab06_Ex04.csproj", "{3A58DE27-AA5E-415C-808C-FBEB964B0AC8}"
EndProject
Project("{9A19103F-16F7-4668-BE54-9A1E7A4F7556}") = "Lab06_Ex05", "0275\Lab06_Ex05\Lab06_Ex05.csproj", "{D7BF48F9-9841-4326-B1DC-AD789BF9162F}"
EndProject
Project("{9A19103F-16F7-4668-BE54-9A1E7A4F7556}") = "Lab06_Ex06", "0275\Lab06_Ex06\Lab06_Ex06.csproj", "{D559AB66-8453-4173-8F56-C7667AED6101}"
EndProject
Project("{9A19103F-16F7-4668-BE54-9A1E7A4F7556}") = "Lab06_Ex07", "0275\Lab06_Ex07\Lab06_Ex07.csproj", "{0FD4B685-62A7-4205-9EBF-C58CD0133CEA}"
EndProject
Project("{9A19103F-16F7-4668-BE54-9A1E7A4F7556}") = "Lab06_Ex08", "0275\Lab06_Ex08\Lab06_Ex08.csproj", "{4E2F91FE-6982-4CCE-AA1D-A09C94D4F23B}"
EndProject
Project("{9A19103F-16F7-4668-BE54-9A1E7A4F7556}") = "Lab06_Ex09", "0275\Lab06_Ex09\Lab06_Ex09.csproj", "{9FEF707A-1C7B-4904-A51D-4902E8E1013F}"
EndProject
Global
	GlobalSection(SolutionConfigurationPlatforms) = preSolution
		Debug|Any CPU = Debug|Any CPU
		Release|Any CPU = Release|Any CPU
	EndGlobalSection
	GlobalSection(ProjectConfigurationPlatforms) = postSolution
		{AAAEA692-08EE-463A-8CB6-785A6D90ACF5}.Debug|Any CPU.ActiveCfg = Debug|Any CPU
		{AAAEA692-08EE-463A-8CB6-785A6D90ACF5}.Debug|Any CPU.Build.0 = Debug|Any CPU
		{AAAEA692-08EE-463A-8CB6-785A6D90ACF5}.Release|Any CPU.ActiveCfg = Release|Any CPU
		{AAAEA692-08EE-463A-8CB6-785A6D90ACF5}.Release|Any CPU.Build.0 = Release|Any CPU
		{EC1346DB-6BEA-4527-82D3-43CB0A7E9948}.Debug|Any CPU.ActiveCfg = Debug|Any CPU
		{EC1346DB-6BEA-4527-82D3-43CB0A7E9948}.Debug|Any CPU.Build.0 = Debug|Any CPU
		{EC1346DB-6BEA-4527-82D3-43CB0A7E9948}.Release|Any CPU.ActiveCfg = Release|Any CPU
		{EC1346DB-6BEA-4527-82D3-43CB0A7E9948}.Release|Any CPU.Build.0 = Release|Any CPU
		{EC7AFAD3-2584-4552-BE40-E2F4BAEADBC3}.Debug|Any CPU.ActiveCfg = Debug|Any CPU
		{EC7AFAD3-2584-4552-BE40-E2F4BAEADBC3}.Debug|Any CPU.Build.0 = Debug|Any CPU
		{EC7AFAD3-2584-4552-BE40-E2F4BAEADBC3}.Release|Any CPU.ActiveCfg = Release|Any CPU
		{EC7AFAD3-2584-4552-BE40-E2F4BAEADBC3}.Release|Any CPU.Build.0 = Release|Any CPU
		{3A58DE27-AA5E-415C-808C-FBEB964B0AC8}.Debug|Any CPU.ActiveCfg = Debug|Any CPU
		{3A58DE27-AA5E-415C-808C-FBEB964B0AC8}.Debug|Any CPU.Build.0 = Debug|Any CPU
		{3A58DE27-AA5E-415C-808C-FBEB964B0AC8}.Release|Any CPU.ActiveCfg = Release|Any CPU
		{3A58DE27-AA5E-415C-808C-FBEB964B0AC8}.Release|Any CPU.Build.0 = Release|Any CPU
		{D7BF48F9-9841-4326-B1DC-AD789BF9162F}.Debug|Any CPU.ActiveCfg = Debug|Any CPU
		{D7BF48F9-9841-4326-B1DC-AD789BF9162F}.Debug|Any CPU.Build.0 = Debug|Any CPU
		{D7BF48F9-9841-4326-B1DC-AD789BF9162F}.Release|Any CPU.ActiveCfg = Release|Any CPU
		{D7BF48F9-9841-4326-B1DC-AD789BF9162F}.Release|Any CPU.Build.0 = Release|Any CPU
		{D559AB66-8453-4173-8F56-C7667AED6101}.Debug|Any CPU.ActiveCfg = Debug|Any CPU
		{D559AB66-8453-4173-8F56-C7667AED6101}.Debug|Any CPU.Build.0 = Debug|Any CPU
		{D559AB66-8453-4173-8F56-C7667AED6101}.Release|Any CPU.ActiveCfg = Release|Any CPU
		{D559AB66-8453-4173-8F56-C7667AED6101}.Release|Any CPU.Build.0 = Release|Any CPU
		{0FD4B685-62A7-4205-9EBF-C58CD0133CEA}.Debug|Any CPU.ActiveCfg = Debug|Any CPU
		{0FD4B685-62A7-4205-9EBF-C58CD0133CEA}.Debug|Any CPU.Build.0 = Debug|Any CPU
		{0FD4B685-62A7-4205-9EBF-C58CD0133CEA}.Release|Any CPU.ActiveCfg = Release|Any CPU
		{0FD4B685-62A7-4205-9EBF-C58CD0133CEA}.Release|Any CPU.Build.0 = Release|Any CPU
		{4E2F91FE-6982-4CCE-AA1D-A09C94D4F23B}.Debug|Any CPU.ActiveCfg = Debug|Any CPU
		{4E2F91FE-6982-4CCE-AA1D-A09C94D4F23B}.Debug|Any CPU.Build.0 = Debug|Any CPU
		{4E2F91FE-6982-4CCE-AA1D-A09C94D4F23B}.Release|Any CPU.ActiveCfg = Release|Any CPU
		{4E2F91FE-6982-4CCE-AA1D-A09C94D4F23B}.Release|Any CPU.Build.0 = Release|Any CPU
		{9FEF707A-1C7B-4904-A51D-4902E8E1013F}.Debug|Any CPU.ActiveCfg = Debug|Any CPU
		{9FEF707A-1C7B-4904-A51D-4902E8E1013F}.Debug|Any CPU.Build.0 = Debug|Any CPU
		{9FEF707A-1C7B-4904-A51D-4902E8E1013F}.Release|Any CPU.ActiveCfg = Release|Any CPU
		{9FEF707A-1C7B-4904-A51D-4902E8E1013F}.Release|Any CPU.Build.0 = Release|Any CPU
	EndGlobalSection
	GlobalSection(SolutionProperties) = preSolution
		HideSolutionNode = FALSE
	EndGlobalSection
	GlobalSection(NestedProjects) = preSolution
		{AAAEA692-08EE-463A-8CB6-785A6D90ACF5} = {C6CE0F8B-49F6-4A47-B747-EDF38ECCB65A}
		{EC1346DB-6BEA-4527-82D3-43CB0A7E9948} = {C6CE0F8B-49F6-4A47-B747-EDF38ECCB65A}
		{EC7AFAD3-2584-4552-BE40-E2F4BAEADBC3} = {C6CE0F8B-49F6-4A47-B747-EDF38ECCB65A}
		{3A58DE27-AA5E-415C-808C-FBEB964B0AC8} = {C6CE0F8B-49F6-4A47-B747-EDF38ECCB65A}
		{D7BF48F9-9841-4326-B1DC-AD789BF9162F} = {C6CE0F8B-49F6-4A47-B747-EDF38ECCB65A}
		{D559AB66-8453-4173-8F56-C7667AED6101} = {C6CE0F8B-49F6-4A47-B747-EDF38ECCB65A}
		{0FD4B685-62A7-4205-9EBF-C58CD0133CEA} = {C6CE0F8B-49F6-4A47-B747-EDF38ECCB65A}
		{4E2F91FE-6982-4CCE-AA1D-A09C94D4F23B} = {C6CE0F8B-49F6-4A47-B747-EDF38ECCB65A}
		{9FEF707A-1C7B-4904-A51D-4902E8E1013F} = {C6CE0F8B-49F6-4A47-B747-EDF38ECCB65A}
	EndGlobalSection
	GlobalSection(ExtensibilityGlobals) = postSolution
		SolutionGuid = {3BB51D9A-5CC6-4DF2-9012-7A8503E5EA9B}
	EndGlobalSection
EndGlobal
